<Solution>
	<Folder Name="/.agents/">
		<File Path="CLAUDE.md" />
		<Project Path=".claude/.claude.csproj" />
	</Folder>
	<Folder Name="/.root/">
		<File Path=".editorconfig" />
		<File Path=".gitattributes" />
		<File Path=".gitignore" />
		<File Path="Directory.Build.props" />
		<File Path="LICENSE" />
		<File Path="README.md" />
	</Folder>
	<Folder Name="/docs/">
		<File Path="docs/implementation.md" />
		<File Path="docs/syntax.md" />
	</Folder>
	<Folder Name="/src/">
		<Project Path="src/DotGram/DotGram.csproj" />
	</Folder>
	<Folder Name="/tests/">
		<Project Path="tests/DotGram.Tests/DotGram.Tests.csproj" />
	</Folder>
</Solution>
