<Solution>
	<Folder Name="/.agents/">
		<File Path="CLAUDE.md" />
		<Project Path=".claude/.claude.csproj">
			<Build Project="false" />
		</Project>
	</Folder>
	<Folder Name="/.root/">
		<File Path=".editorconfig" />
		<File Path=".gitattributes" />
		<File Path=".gitignore" />
		<File Path="Directory.Build.props" />
		<File Path="LICENSE" />
		<File Path="README.md" />
	</Folder>
	<Folder Name="/benchmarks/">
		<File Path="benchmarks/README.md" />
		<Project Path="benchmarks/DotGram.Benchmarks/DotGram.Benchmarks.csproj" />
	</Folder>
	<Folder Name="/docs/">
		<File Path="docs/implementation.md" />
		<File Path="docs/status.md" />
		<File Path="docs/syntax.md" />
	</Folder>
	<Folder Name="/examples/">
		<File Path="examples/README.md" />
		<Project Path="examples/DotGram.Examples/DotGram.Examples.csproj" />
	</Folder>
	<Folder Name="/src/">
		<Project Path="src/DotGram/DotGram.csproj" />
	</Folder>
	<Folder Name="/tests/">
		<Project Path="tests/DotGram.Tests/DotGram.Tests.csproj" />
		<Project Path="tests/DotGram.Compatibility/DotGram.Compatibility.csproj" />
		<Project Path="tests/Snapshots/Snapshots.csproj">
			<Build Project="false" />
		</Project>
	</Folder>
</Solution>
